
Microsoft Visual Studio Solution File, Format Version 12.00
# Visual Studio Version 17
VisualStudioVersion = 17.9.34607.119
MinimumVisualStudioVersion = 10.0.40219.1
Project("{FAE04EC0-301F-11D3-BF4B-00C04F79EFBC}") = "Assignment2", "Assignment2\Assignment2.csproj", "{AEED3D32-CEBE-4556-B6C6-72202DD52A62}"
EndProject
Global
	GlobalSection(SolutionConfigurationPlatforms) = preSolution
		Debug|Any CPU = Debug|Any CPU
		Release|Any CPU = Release|Any CPU
	EndGlobalSection
	GlobalSection(ProjectConfigurationPlatforms) = postSolution
		{AEED3D32-CEBE-4556-B6C6-72202DD52A62}.Debug|Any CPU.ActiveCfg = Debug|Any CPU
		{AEED3D32-CEBE-4556-B6C6-72202DD52A62}.Debug|Any CPU.Build.0 = Debug|Any CPU
		{AEED3D32-CEBE-4556-B6C6-72202DD52A62}.Release|Any CPU.ActiveCfg = Release|Any CPU
		{AEED3D32-CEBE-4556-B6C6-72202DD52A62}.Release|Any CPU.Build.0 = Release|Any CPU
	EndGlobalSection
	GlobalSection(SolutionProperties) = preSolution
		HideSolutionNode = FALSE
	EndGlobalSection
	GlobalSection(ExtensibilityGlobals) = postSolution
		SolutionGuid = {567E8F76-BF4C-42F2-8252-601FF19459B5}
	EndGlobalSection
EndGlobal
